// !$*UTF8*$!
{
	archiveVersion = 1;
	classes = {
	};
	objectVersion = 50;
	objects = {

/* Begin PBXBuildFile section */
		285CB6C820A0452A00C4FD5C /* AppDelegate.swift in Sources */ = {isa = PBXBuildFile; fileRef = 285CB6C720A0452A00C4FD5C /* AppDelegate.swift */; };
		285CB6CA20A0452A00C4FD5C /* MainViewController.swift in Sources */ = {isa = PBXBuildFile; fileRef = 285CB6C920A0452A00C4FD5C /* MainViewController.swift */; };
		285CB6CD20A0452A00C4FD5C /* Main.storyboard in Resources */ = {isa = PBXBuildFile; fileRef = 285CB6CB20A0452A00C4FD5C /* Main.storyboard */; };
		285CB6CF20A0452D00C4FD5C /* Assets.xcassets in Resources */ = {isa = PBXBuildFile; fileRef = 285CB6CE20A0452D00C4FD5C /* Assets.xcassets */; };
		285CB6D220A0452D00C4FD5C /* LaunchScreen.storyboard in Resources */ = {isa = PBXBuildFile; fileRef = 285CB6D020A0452D00C4FD5C /* LaunchScreen.storyboard */; };
		285CB6DD20A0452D00C4FD5C /* SortVisualizeTests.swift in Sources */ = {isa = PBXBuildFile; fileRef = 285CB6DC20A0452D00C4FD5C /* SortVisualizeTests.swift */; };
		285CB6E820A0452D00C4FD5C /* SortVisualizeUITests.swift in Sources */ = {isa = PBXBuildFile; fileRef = 285CB6E720A0452D00C4FD5C /* SortVisualizeUITests.swift */; };
		285CB6F620A053A800C4FD5C /* TableDataViewController.swift in Sources */ = {isa = PBXBuildFile; fileRef = 285CB6F520A053A800C4FD5C /* TableDataViewController.swift */; };
		285CB6F820A0558E00C4FD5C /* TableDataViewCell.swift in Sources */ = {isa = PBXBuildFile; fileRef = 285CB6F720A0558E00C4FD5C /* TableDataViewCell.swift */; };
		285CB6FC20A06B2000C4FD5C /* ArrayModel.swift in Sources */ = {isa = PBXBuildFile; fileRef = 285CB6FB20A06B2000C4FD5C /* ArrayModel.swift */; };
		287E066920A5864C001EC063 /* SimpleArrayModel.swift in Sources */ = {isa = PBXBuildFile; fileRef = 287E066820A5864C001EC063 /* SimpleArrayModel.swift */; };
		287E066B20A58C8A001EC063 /* SortedArrayModel.swift in Sources */ = {isa = PBXBuildFile; fileRef = 287E066A20A58C8A001EC063 /* SortedArrayModel.swift */; };
		287E066D20A58D70001EC063 /* TypeArrayModelProtocol.swift in Sources */ = {isa = PBXBuildFile; fileRef = 287E066C20A58D70001EC063 /* TypeArrayModelProtocol.swift */; };
		287E067020A5A20F001EC063 /* ReverseArrayModel.swift in Sources */ = {isa = PBXBuildFile; fileRef = 287E066F20A5A20F001EC063 /* ReverseArrayModel.swift */; };
		287E067420A5B321001EC063 /* TypeArrayEnum.swift in Sources */ = {isa = PBXBuildFile; fileRef = 287E067320A5B321001EC063 /* TypeArrayEnum.swift */; };
		287E067620A5B3ED001EC063 /* TypeSortEnum.swift in Sources */ = {isa = PBXBuildFile; fileRef = 287E067520A5B3ED001EC063 /* TypeSortEnum.swift */; };
		28F1E6CA20A41AD20087DC42 /* StatisticsDataViewController.swift in Sources */ = {isa = PBXBuildFile; fileRef = 28F1E6C920A41AD20087DC42 /* StatisticsDataViewController.swift */; };
		28F1E6CC20A423B70087DC42 /* TypeSortModel.swift in Sources */ = {isa = PBXBuildFile; fileRef = 28F1E6CB20A423B70087DC42 /* TypeSortModel.swift */; };
		28F1E6CE20A42A120087DC42 /* StatisticsSortModel.swift in Sources */ = {isa = PBXBuildFile; fileRef = 28F1E6CD20A42A120087DC42 /* StatisticsSortModel.swift */; };
		28F1E6D020A458BA0087DC42 /* Array.swift in Sources */ = {isa = PBXBuildFile; fileRef = 28F1E6CF20A458BA0087DC42 /* Array.swift */; };
/* End PBXBuildFile section */

/* Begin PBXContainerItemProxy section */
		285CB6D920A0452D00C4FD5C /* PBXContainerItemProxy */ = {
			isa = PBXContainerItemProxy;
			containerPortal = 285CB6BC20A0452900C4FD5C /* Project object */;
			proxyType = 1;
			remoteGlobalIDString = 285CB6C320A0452A00C4FD5C;
			remoteInfo = SortVisualize;
		};
		285CB6E420A0452D00C4FD5C /* PBXContainerItemProxy */ = {
			isa = PBXContainerItemProxy;
			containerPortal = 285CB6BC20A0452900C4FD5C /* Project object */;
			proxyType = 1;
			remoteGlobalIDString = 285CB6C320A0452A00C4FD5C;
			remoteInfo = SortVisualize;
		};
/* End PBXContainerItemProxy section */

/* Begin PBXFileReference section */
		285CB6C420A0452A00C4FD5C /* SortVisualize.app */ = {isa = PBXFileReference; explicitFileType = wrapper.application; includeInIndex = 0; path = SortVisualize.app; sourceTree = BUILT_PRODUCTS_DIR; };
		285CB6C720A0452A00C4FD5C /* AppDelegate.swift */ = {isa = PBXFileReference; lastKnownFileType = sourcecode.swift; path = AppDelegate.swift; sourceTree = "<group>"; };
		285CB6C920A0452A00C4FD5C /* MainViewController.swift */ = {isa = PBXFileReference; lastKnownFileType = sourcecode.swift; path = MainViewController.swift; sourceTree = "<group>"; };
		285CB6CC20A0452A00C4FD5C /* Base */ = {isa = PBXFileReference; lastKnownFileType = file.storyboard; name = Base; path = Base.lproj/Main.storyboard; sourceTree = "<group>"; };
		285CB6CE20A0452D00C4FD5C /* Assets.xcassets */ = {isa = PBXFileReference; lastKnownFileType = folder.assetcatalog; path = Assets.xcassets; sourceTree = "<group>"; };
		285CB6D120A0452D00C4FD5C /* Base */ = {isa = PBXFileReference; lastKnownFileType = file.storyboard; name = Base; path = Base.lproj/LaunchScreen.storyboard; sourceTree = "<group>"; };
		285CB6D320A0452D00C4FD5C /* Info.plist */ = {isa = PBXFileReference; lastKnownFileType = text.plist.xml; path = Info.plist; sourceTree = "<group>"; };
		285CB6D820A0452D00C4FD5C /* SortVisualizeTests.xctest */ = {isa = PBXFileReference; explicitFileType = wrapper.cfbundle; includeInIndex = 0; path = SortVisualizeTests.xctest; sourceTree = BUILT_PRODUCTS_DIR; };
		285CB6DC20A0452D00C4FD5C /* SortVisualizeTests.swift */ = {isa = PBXFileReference; lastKnownFileType = sourcecode.swift; path = SortVisualizeTests.swift; sourceTree = "<group>"; };
		285CB6DE20A0452D00C4FD5C /* Info.plist */ = {isa = PBXFileReference; lastKnownFileType = text.plist.xml; path = Info.plist; sourceTree = "<group>"; };
		285CB6E320A0452D00C4FD5C /* SortVisualizeUITests.xctest */ = {isa = PBXFileReference; explicitFileType = wrapper.cfbundle; includeInIndex = 0; path = SortVisualizeUITests.xctest; sourceTree = BUILT_PRODUCTS_DIR; };
		285CB6E720A0452D00C4FD5C /* SortVisualizeUITests.swift */ = {isa = PBXFileReference; lastKnownFileType = sourcecode.swift; path = SortVisualizeUITests.swift; sourceTree = "<group>"; };
		285CB6E920A0452D00C4FD5C /* Info.plist */ = {isa = PBXFileReference; lastKnownFileType = text.plist.xml; path = Info.plist; sourceTree = "<group>"; };
		285CB6F520A053A800C4FD5C /* TableDataViewController.swift */ = {isa = PBXFileReference; lastKnownFileType = sourcecode.swift; path = TableDataViewController.swift; sourceTree = "<group>"; };
		285CB6F720A0558E00C4FD5C /* TableDataViewCell.swift */ = {isa = PBXFileReference; lastKnownFileType = sourcecode.swift; path = TableDataViewCell.swift; sourceTree = "<group>"; };
		285CB6FB20A06B2000C4FD5C /* ArrayModel.swift */ = {isa = PBXFileReference; lastKnownFileType = sourcecode.swift; path = ArrayModel.swift; sourceTree = "<group>"; };
		287E066820A5864C001EC063 /* SimpleArrayModel.swift */ = {isa = PBXFileReference; lastKnownFileType = sourcecode.swift; path = SimpleArrayModel.swift; sourceTree = "<group>"; };
		287E066A20A58C8A001EC063 /* SortedArrayModel.swift */ = {isa = PBXFileReference; lastKnownFileType = sourcecode.swift; path = SortedArrayModel.swift; sourceTree = "<group>"; };
		287E066C20A58D70001EC063 /* TypeArrayModelProtocol.swift */ = {isa = PBXFileReference; lastKnownFileType = sourcecode.swift; path = TypeArrayModelProtocol.swift; sourceTree = "<group>"; };
		287E066F20A5A20F001EC063 /* ReverseArrayModel.swift */ = {isa = PBXFileReference; lastKnownFileType = sourcecode.swift; path = ReverseArrayModel.swift; sourceTree = "<group>"; };
		287E067320A5B321001EC063 /* TypeArrayEnum.swift */ = {isa = PBXFileReference; lastKnownFileType = sourcecode.swift; path = TypeArrayEnum.swift; sourceTree = "<group>"; };
		287E067520A5B3ED001EC063 /* TypeSortEnum.swift */ = {isa = PBXFileReference; lastKnownFileType = sourcecode.swift; path = TypeSortEnum.swift; sourceTree = "<group>"; };
		28F1E6C920A41AD20087DC42 /* StatisticsDataViewController.swift */ = {isa = PBXFileReference; lastKnownFileType = sourcecode.swift; path = StatisticsDataViewController.swift; sourceTree = "<group>"; };
		28F1E6CB20A423B70087DC42 /* TypeSortModel.swift */ = {isa = PBXFileReference; lastKnownFileType = sourcecode.swift; path = TypeSortModel.swift; sourceTree = "<group>"; };
		28F1E6CD20A42A120087DC42 /* StatisticsSortModel.swift */ = {isa = PBXFileReference; lastKnownFileType = sourcecode.swift; path = StatisticsSortModel.swift; sourceTree = "<group>"; };
		28F1E6CF20A458BA0087DC42 /* Array.swift */ = {isa = PBXFileReference; lastKnownFileType = sourcecode.swift; path = Array.swift; sourceTree = "<group>"; };
/* End PBXFileReference section */

/* Begin PBXFrameworksBuildPhase section */
		285CB6C120A0452A00C4FD5C /* Frameworks */ = {
			isa = PBXFrameworksBuildPhase;
			buildActionMask = 2147483647;
			files = (
			);
			runOnlyForDeploymentPostprocessing = 0;
		};
		285CB6D520A0452D00C4FD5C /* Frameworks */ = {
			isa = PBXFrameworksBuildPhase;
			buildActionMask = 2147483647;
			files = (
			);
			runOnlyForDeploymentPostprocessing = 0;
		};
		285CB6E020A0452D00C4FD5C /* Frameworks */ = {
			isa = PBXFrameworksBuildPhase;
			buildActionMask = 2147483647;
			files = (
			);
			runOnlyForDeploymentPostprocessing = 0;
		};
/* End PBXFrameworksBuildPhase section */

/* Begin PBXGroup section */
		285CB6BB20A0452900C4FD5C = {
			isa = PBXGroup;
			children = (
				285CB6C620A0452A00C4FD5C /* SortVisualize */,
				285CB6DB20A0452D00C4FD5C /* SortVisualizeTests */,
				285CB6E620A0452D00C4FD5C /* SortVisualizeUITests */,
				285CB6C520A0452A00C4FD5C /* Products */,
			);
			sourceTree = "<group>";
		};
		285CB6C520A0452A00C4FD5C /* Products */ = {
			isa = PBXGroup;
			children = (
				285CB6C420A0452A00C4FD5C /* SortVisualize.app */,
				285CB6D820A0452D00C4FD5C /* SortVisualizeTests.xctest */,
				285CB6E320A0452D00C4FD5C /* SortVisualizeUITests.xctest */,
			);
			name = Products;
			sourceTree = "<group>";
		};
		285CB6C620A0452A00C4FD5C /* SortVisualize */ = {
			isa = PBXGroup;
			children = (
				285CB6C720A0452A00C4FD5C /* AppDelegate.swift */,
				287E066E20A5A18B001EC063 /* Models */,
				287E066C20A58D70001EC063 /* TypeArrayModelProtocol.swift */,
				287E067120A5B2C4001EC063 /* Enums */,
				287E067220A5B2CC001EC063 /* Controllers */,
				285CB6CB20A0452A00C4FD5C /* Main.storyboard */,
				285CB6CE20A0452D00C4FD5C /* Assets.xcassets */,
				285CB6D020A0452D00C4FD5C /* LaunchScreen.storyboard */,
				285CB6D320A0452D00C4FD5C /* Info.plist */,
				285CB6F720A0558E00C4FD5C /* TableDataViewCell.swift */,
				28F1E6CF20A458BA0087DC42 /* Array.swift */,
			);
			path = SortVisualize;
			sourceTree = "<group>";
		};
		285CB6DB20A0452D00C4FD5C /* SortVisualizeTests */ = {
			isa = PBXGroup;
			children = (
				285CB6DC20A0452D00C4FD5C /* SortVisualizeTests.swift */,
				285CB6DE20A0452D00C4FD5C /* Info.plist */,
			);
			path = SortVisualizeTests;
			sourceTree = "<group>";
		};
		285CB6E620A0452D00C4FD5C /* SortVisualizeUITests */ = {
			isa = PBXGroup;
			children = (
				285CB6E720A0452D00C4FD5C /* SortVisualizeUITests.swift */,
				285CB6E920A0452D00C4FD5C /* Info.plist */,
			);
			path = SortVisualizeUITests;
			sourceTree = "<group>";
		};
		287E066E20A5A18B001EC063 /* Models */ = {
			isa = PBXGroup;
			children = (
				287E066820A5864C001EC063 /* SimpleArrayModel.swift */,
				287E066A20A58C8A001EC063 /* SortedArrayModel.swift */,
				287E066F20A5A20F001EC063 /* ReverseArrayModel.swift */,
				28F1E6CB20A423B70087DC42 /* TypeSortModel.swift */,
				28F1E6CD20A42A120087DC42 /* StatisticsSortModel.swift */,
				285CB6FB20A06B2000C4FD5C /* ArrayModel.swift */,
			);
			path = Models;
			sourceTree = "<group>";
		};
		287E067120A5B2C4001EC063 /* Enums */ = {
			isa = PBXGroup;
			children = (
				287E067320A5B321001EC063 /* TypeArrayEnum.swift */,
				287E067520A5B3ED001EC063 /* TypeSortEnum.swift */,
			);
			path = Enums;
			sourceTree = "<group>";
		};
		287E067220A5B2CC001EC063 /* Controllers */ = {
			isa = PBXGroup;
			children = (
				285CB6F520A053A800C4FD5C /* TableDataViewController.swift */,
				285CB6C920A0452A00C4FD5C /* MainViewController.swift */,
				28F1E6C920A41AD20087DC42 /* StatisticsDataViewController.swift */,
			);
			path = Controllers;
			sourceTree = "<group>";
		};
/* End PBXGroup section */

/* Begin PBXNativeTarget section */
		285CB6C320A0452A00C4FD5C /* SortVisualize */ = {
			isa = PBXNativeTarget;
			buildConfigurationList = 285CB6EC20A0452D00C4FD5C /* Build configuration list for PBXNativeTarget "SortVisualize" */;
			buildPhases = (
				285CB6C020A0452A00C4FD5C /* Sources */,
				285CB6C120A0452A00C4FD5C /* Frameworks */,
				285CB6C220A0452A00C4FD5C /* Resources */,
			);
			buildRules = (
			);
			dependencies = (
			);
			name = SortVisualize;
			productName = SortVisualize;
			productReference = 285CB6C420A0452A00C4FD5C /* SortVisualize.app */;
			productType = "com.apple.product-type.application";
		};
		285CB6D720A0452D00C4FD5C /* SortVisualizeTests */ = {
			isa = PBXNativeTarget;
			buildConfigurationList = 285CB6EF20A0452D00C4FD5C /* Build configuration list for PBXNativeTarget "SortVisualizeTests" */;
			buildPhases = (
				285CB6D420A0452D00C4FD5C /* Sources */,
				285CB6D520A0452D00C4FD5C /* Frameworks */,
				285CB6D620A0452D00C4FD5C /* Resources */,
			);
			buildRules = (
			);
			dependencies = (
				285CB6DA20A0452D00C4FD5C /* PBXTargetDependency */,
			);
			name = SortVisualizeTests;
			productName = SortVisualizeTests;
			productReference = 285CB6D820A0452D00C4FD5C /* SortVisualizeTests.xctest */;
			productType = "com.apple.product-type.bundle.unit-test";
		};
		285CB6E220A0452D00C4FD5C /* SortVisualizeUITests */ = {
			isa = PBXNativeTarget;
			buildConfigurationList = 285CB6F220A0452D00C4FD5C /* Build configuration list for PBXNativeTarget "SortVisualizeUITests" */;
			buildPhases = (
				285CB6DF20A0452D00C4FD5C /* Sources */,
				285CB6E020A0452D00C4FD5C /* Frameworks */,
				285CB6E120A0452D00C4FD5C /* Resources */,
			);
			buildRules = (
			);
			dependencies = (
				285CB6E520A0452D00C4FD5C /* PBXTargetDependency */,
			);
			name = SortVisualizeUITests;
			productName = SortVisualizeUITests;
			productReference = 285CB6E320A0452D00C4FD5C /* SortVisualizeUITests.xctest */;
			productType = "com.apple.product-type.bundle.ui-testing";
		};
/* End PBXNativeTarget section */

/* Begin PBXProject section */
		285CB6BC20A0452900C4FD5C /* Project object */ = {
			isa = PBXProject;
			attributes = {
				LastSwiftUpdateCheck = 0930;
				LastUpgradeCheck = 0930;
				ORGANIZATIONNAME = "Sergii Lisnyi";
				TargetAttributes = {
					285CB6C320A0452A00C4FD5C = {
						CreatedOnToolsVersion = 9.3;
					};
					285CB6D720A0452D00C4FD5C = {
						CreatedOnToolsVersion = 9.3;
						TestTargetID = 285CB6C320A0452A00C4FD5C;
					};
					285CB6E220A0452D00C4FD5C = {
						CreatedOnToolsVersion = 9.3;
						TestTargetID = 285CB6C320A0452A00C4FD5C;
					};
				};
			};
			buildConfigurationList = 285CB6BF20A0452900C4FD5C /* Build configuration list for PBXProject "SortVisualize" */;
			compatibilityVersion = "Xcode 9.3";
			developmentRegion = en;
			hasScannedForEncodings = 0;
			knownRegions = (
				en,
				Base,
			);
			mainGroup = 285CB6BB20A0452900C4FD5C;
			productRefGroup = 285CB6C520A0452A00C4FD5C /* Products */;
			projectDirPath = "";
			projectRoot = "";
			targets = (
				285CB6C320A0452A00C4FD5C /* SortVisualize */,
				285CB6D720A0452D00C4FD5C /* SortVisualizeTests */,
				285CB6E220A0452D00C4FD5C /* SortVisualizeUITests */,
			);
		};
/* End PBXProject section */

/* Begin PBXResourcesBuildPhase section */
		285CB6C220A0452A00C4FD5C /* Resources */ = {
			isa = PBXResourcesBuildPhase;
			buildActionMask = 2147483647;
			files = (
				285CB6D220A0452D00C4FD5C /* LaunchScreen.storyboard in Resources */,
				285CB6CF20A0452D00C4FD5C /* Assets.xcassets in Resources */,
				285CB6CD20A0452A00C4FD5C /* Main.storyboard in Resources */,
			);
			runOnlyForDeploymentPostprocessing = 0;
		};
		285CB6D620A0452D00C4FD5C /* Resources */ = {
			isa = PBXResourcesBuildPhase;
			buildActionMask = 2147483647;
			files = (
			);
			runOnlyForDeploymentPostprocessing = 0;
		};
		285CB6E120A0452D00C4FD5C /* Resources */ = {
			isa = PBXResourcesBuildPhase;
			buildActionMask = 2147483647;
			files = (
			);
			runOnlyForDeploymentPostprocessing = 0;
		};
/* End PBXResourcesBuildPhase section */

/* Begin PBXSourcesBuildPhase section */
		285CB6C020A0452A00C4FD5C /* Sources */ = {
			isa = PBXSourcesBuildPhase;
			buildActionMask = 2147483647;
			files = (
				287E067020A5A20F001EC063 /* ReverseArrayModel.swift in Sources */,
				28F1E6D020A458BA0087DC42 /* Array.swift in Sources */,
				285CB6F620A053A800C4FD5C /* TableDataViewController.swift in Sources */,
				287E066B20A58C8A001EC063 /* SortedArrayModel.swift in Sources */,
				287E066D20A58D70001EC063 /* TypeArrayModelProtocol.swift in Sources */,
				28F1E6CA20A41AD20087DC42 /* StatisticsDataViewController.swift in Sources */,
				285CB6CA20A0452A00C4FD5C /* MainViewController.swift in Sources */,
				28F1E6CC20A423B70087DC42 /* TypeSortModel.swift in Sources */,
				285CB6C820A0452A00C4FD5C /* AppDelegate.swift in Sources */,
				285CB6FC20A06B2000C4FD5C /* ArrayModel.swift in Sources */,
				28F1E6CE20A42A120087DC42 /* StatisticsSortModel.swift in Sources */,
				287E066920A5864C001EC063 /* SimpleArrayModel.swift in Sources */,
				285CB6F820A0558E00C4FD5C /* TableDataViewCell.swift in Sources */,
				287E067620A5B3ED001EC063 /* TypeSortEnum.swift in Sources */,
				287E067420A5B321001EC063 /* TypeArrayEnum.swift in Sources */,
			);
			runOnlyForDeploymentPostprocessing = 0;
		};
		285CB6D420A0452D00C4FD5C /* Sources */ = {
			isa = PBXSourcesBuildPhase;
			buildActionMask = 2147483647;
			files = (
				285CB6DD20A0452D00C4FD5C /* SortVisualizeTests.swift in Sources */,
			);
			runOnlyForDeploymentPostprocessing = 0;
		};
		285CB6DF20A0452D00C4FD5C /* Sources */ = {
			isa = PBXSourcesBuildPhase;
			buildActionMask = 2147483647;
			files = (
				285CB6E820A0452D00C4FD5C /* SortVisualizeUITests.swift in Sources */,
			);
			runOnlyForDeploymentPostprocessing = 0;
		};
/* End PBXSourcesBuildPhase section */

/* Begin PBXTargetDependency section */
		285CB6DA20A0452D00C4FD5C /* PBXTargetDependency */ = {
			isa = PBXTargetDependency;
			target = 285CB6C320A0452A00C4FD5C /* SortVisualize */;
			targetProxy = 285CB6D920A0452D00C4FD5C /* PBXContainerItemProxy */;
		};
		285CB6E520A0452D00C4FD5C /* PBXTargetDependency */ = {
			isa = PBXTargetDependency;
			target = 285CB6C320A0452A00C4FD5C /* SortVisualize */;
			targetProxy = 285CB6E420A0452D00C4FD5C /* PBXContainerItemProxy */;
		};
/* End PBXTargetDependency section */

/* Begin PBXVariantGroup section */
		285CB6CB20A0452A00C4FD5C /* Main.storyboard */ = {
			isa = PBXVariantGroup;
			children = (
				285CB6CC20A0452A00C4FD5C /* Base */,
			);
			name = Main.storyboard;
			sourceTree = "<group>";
		};
		285CB6D020A0452D00C4FD5C /* LaunchScreen.storyboard */ = {
			isa = PBXVariantGroup;
			children = (
				285CB6D120A0452D00C4FD5C /* Base */,
			);
			name = LaunchScreen.storyboard;
			sourceTree = "<group>";
		};
/* End PBXVariantGroup section */

/* Begin XCBuildConfiguration section */
		285CB6EA20A0452D00C4FD5C /* Debug */ = {
			isa = XCBuildConfiguration;
			buildSettings = {
				ALWAYS_SEARCH_USER_PATHS = NO;
				CLANG_ANALYZER_NONNULL = YES;
				CLANG_ANALYZER_NUMBER_OBJECT_CONVERSION = YES_AGGRESSIVE;
				CLANG_CXX_LANGUAGE_STANDARD = "gnu++14";
				CLANG_CXX_LIBRARY = "libc++";
				CLANG_ENABLE_MODULES = YES;
				CLANG_ENABLE_OBJC_ARC = YES;
				CLANG_ENABLE_OBJC_WEAK = YES;
				CLANG_WARN_BLOCK_CAPTURE_AUTORELEASING = YES;
				CLANG_WARN_BOOL_CONVERSION = YES;
				CLANG_WARN_COMMA = YES;
				CLANG_WARN_CONSTANT_CONVERSION = YES;
				CLANG_WARN_DEPRECATED_OBJC_IMPLEMENTATIONS = YES;
				CLANG_WARN_DIRECT_OBJC_ISA_USAGE = YES_ERROR;
				CLANG_WARN_DOCUMENTATION_COMMENTS = YES;
				CLANG_WARN_EMPTY_BODY = YES;
				CLANG_WARN_ENUM_CONVERSION = YES;
				CLANG_WARN_INFINITE_RECURSION = YES;
				CLANG_WARN_INT_CONVERSION = YES;
				CLANG_WARN_NON_LITERAL_NULL_CONVERSION = YES;
				CLANG_WARN_OBJC_IMPLICIT_RETAIN_SELF = YES;
				CLANG_WARN_OBJC_LITERAL_CONVERSION = YES;
				CLANG_WARN_OBJC_ROOT_CLASS = YES_ERROR;
				CLANG_WARN_RANGE_LOOP_ANALYSIS = YES;
				CLANG_WARN_STRICT_PROTOTYPES = YES;
				CLANG_WARN_SUSPICIOUS_MOVE = YES;
				CLANG_WARN_UNGUARDED_AVAILABILITY = YES_AGGRESSIVE;
				CLANG_WARN_UNREACHABLE_CODE = YES;
				CLANG_WARN__DUPLICATE_METHOD_MATCH = YES;
				CODE_SIGN_IDENTITY = "iPhone Developer";
				COPY_PHASE_STRIP = NO;
				DEBUG_INFORMATION_FORMAT = dwarf;
				ENABLE_STRICT_OBJC_MSGSEND = YES;
				ENABLE_TESTABILITY = YES;
				GCC_C_LANGUAGE_STANDARD = gnu11;
				GCC_DYNAMIC_NO_PIC = NO;
				GCC_NO_COMMON_BLOCKS = YES;
				GCC_OPTIMIZATION_LEVEL = 0;
				GCC_PREPROCESSOR_DEFINITIONS = (
					"DEBUG=1",
					"$(inherited)",
				);
				GCC_WARN_64_TO_32_BIT_CONVERSION = YES;
				GCC_WARN_ABOUT_RETURN_TYPE = YES_ERROR;
				GCC_WARN_UNDECLARED_SELECTOR = YES;
				GCC_WARN_UNINITIALIZED_AUTOS = YES_AGGRESSIVE;
				GCC_WARN_UNUSED_FUNCTION = YES;
				GCC_WARN_UNUSED_VARIABLE = YES;
				IPHONEOS_DEPLOYMENT_TARGET = 11.3;
				MTL_ENABLE_DEBUG_INFO = YES;
				ONLY_ACTIVE_ARCH = YES;
				SDKROOT = iphoneos;
				SWIFT_ACTIVE_COMPILATION_CONDITIONS = DEBUG;
				SWIFT_OPTIMIZATION_LEVEL = "-Onone";
			};
			name = Debug;
		};
		285CB6EB20A0452D00C4FD5C /* Release */ = {
			isa = XCBuildConfiguration;
			buildSettings = {
				ALWAYS_SEARCH_USER_PATHS = NO;
				CLANG_ANALYZER_NONNULL = YES;
				CLANG_ANALYZER_NUMBER_OBJECT_CONVERSION = YES_AGGRESSIVE;
				CLANG_CXX_LANGUAGE_STANDARD = "gnu++14";
				CLANG_CXX_LIBRARY = "libc++";
				CLANG_ENABLE_MODULES = YES;
				CLANG_ENABLE_OBJC_ARC = YES;
				CLANG_ENABLE_OBJC_WEAK = YES;
				CLANG_WARN_BLOCK_CAPTURE_AUTORELEASING = YES;
				CLANG_WARN_BOOL_CONVERSION = YES;
				CLANG_WARN_COMMA = YES;
				CLANG_WARN_CONSTANT_CONVERSION = YES;
				CLANG_WARN_DEPRECATED_OBJC_IMPLEMENTATIONS = YES;
				CLANG_WARN_DIRECT_OBJC_ISA_USAGE = YES_ERROR;
				CLANG_WARN_DOCUMENTATION_COMMENTS = YES;
				CLANG_WARN_EMPTY_BODY = YES;
				CLANG_WARN_ENUM_CONVERSION = YES;
				CLANG_WARN_INFINITE_RECURSION = YES;
				CLANG_WARN_INT_CONVERSION = YES;
				CLANG_WARN_NON_LITERAL_NULL_CONVERSION = YES;
				CLANG_WARN_OBJC_IMPLICIT_RETAIN_SELF = YES;
				CLANG_WARN_OBJC_LITERAL_CONVERSION = YES;
				CLANG_WARN_OBJC_ROOT_CLASS = YES_ERROR;
				CLANG_WARN_RANGE_LOOP_ANALYSIS = YES;
				CLANG_WARN_STRICT_PROTOTYPES = YES;
				CLANG_WARN_SUSPICIOUS_MOVE = YES;
				CLANG_WARN_UNGUARDED_AVAILABILITY = YES_AGGRESSIVE;
				CLANG_WARN_UNREACHABLE_CODE = YES;
				CLANG_WARN__DUPLICATE_METHOD_MATCH = YES;
				CODE_SIGN_IDENTITY = "iPhone Developer";
				COPY_PHASE_STRIP = NO;
				DEBUG_INFORMATION_FORMAT = "dwarf-with-dsym";
				ENABLE_NS_ASSERTIONS = NO;
				ENABLE_STRICT_OBJC_MSGSEND = YES;
				GCC_C_LANGUAGE_STANDARD = gnu11;
				GCC_NO_COMMON_BLOCKS = YES;
				GCC_WARN_64_TO_32_BIT_CONVERSION = YES;
				GCC_WARN_ABOUT_RETURN_TYPE = YES_ERROR;
				GCC_WARN_UNDECLARED_SELECTOR = YES;
				GCC_WARN_UNINITIALIZED_AUTOS = YES_AGGRESSIVE;
				GCC_WARN_UNUSED_FUNCTION = YES;
				GCC_WARN_UNUSED_VARIABLE = YES;
				IPHONEOS_DEPLOYMENT_TARGET = 11.3;
				MTL_ENABLE_DEBUG_INFO = NO;
				SDKROOT = iphoneos;
				SWIFT_COMPILATION_MODE = wholemodule;
				SWIFT_OPTIMIZATION_LEVEL = "-O";
				VALIDATE_PRODUCT = YES;
			};
			name = Release;
		};
		285CB6ED20A0452D00C4FD5C /* Debug */ = {
			isa = XCBuildConfiguration;
			buildSettings = {
				ASSETCATALOG_COMPILER_APPICON_NAME = AppIcon;
				CODE_SIGN_STYLE = Automatic;
				INFOPLIST_FILE = SortVisualize/Info.plist;
				LD_RUNPATH_SEARCH_PATHS = (
					"$(inherited)",
					"@executable_path/Frameworks",
				);
				PRODUCT_BUNDLE_IDENTIFIER = "-.1.1.SortVisualize";
				PRODUCT_NAME = "$(TARGET_NAME)";
				SWIFT_VERSION = 4.0;
				TARGETED_DEVICE_FAMILY = "1,2";
			};
			name = Debug;
		};
		285CB6EE20A0452D00C4FD5C /* Release */ = {
			isa = XCBuildConfiguration;
			buildSettings = {
				ASSETCATALOG_COMPILER_APPICON_NAME = AppIcon;
				CODE_SIGN_STYLE = Automatic;
				INFOPLIST_FILE = SortVisualize/Info.plist;
				LD_RUNPATH_SEARCH_PATHS = (
					"$(inherited)",
					"@executable_path/Frameworks",
				);
				PRODUCT_BUNDLE_IDENTIFIER = "-.1.1.SortVisualize";
				PRODUCT_NAME = "$(TARGET_NAME)";
				SWIFT_VERSION = 4.0;
				TARGETED_DEVICE_FAMILY = "1,2";
			};
			name = Release;
		};
		285CB6F020A0452D00C4FD5C /* Debug */ = {
			isa = XCBuildConfiguration;
			buildSettings = {
				ALWAYS_EMBED_SWIFT_STANDARD_LIBRARIES = YES;
				BUNDLE_LOADER = "$(TEST_HOST)";
				CODE_SIGN_STYLE = Automatic;
				INFOPLIST_FILE = SortVisualizeTests/Info.plist;
				LD_RUNPATH_SEARCH_PATHS = (
					"$(inherited)",
					"@executable_path/Frameworks",
					"@loader_path/Frameworks",
				);
				PRODUCT_BUNDLE_IDENTIFIER = "-.1.1.SortVisualizeTests";
				PRODUCT_NAME = "$(TARGET_NAME)";
				SWIFT_VERSION = 4.0;
				TARGETED_DEVICE_FAMILY = "1,2";
				TEST_HOST = "$(BUILT_PRODUCTS_DIR)/SortVisualize.app/SortVisualize";
			};
			name = Debug;
		};
		285CB6F120A0452D00C4FD5C /* Release */ = {
			isa = XCBuildConfiguration;
			buildSettings = {
				ALWAYS_EMBED_SWIFT_STANDARD_LIBRARIES = YES;
				BUNDLE_LOADER = "$(TEST_HOST)";
				CODE_SIGN_STYLE = Automatic;
				INFOPLIST_FILE = SortVisualizeTests/Info.plist;
				LD_RUNPATH_SEARCH_PATHS = (
					"$(inherited)",
					"@executable_path/Frameworks",
					"@loader_path/Frameworks",
				);
				PRODUCT_BUNDLE_IDENTIFIER = "-.1.1.SortVisualizeTests";
				PRODUCT_NAME = "$(TARGET_NAME)";
				SWIFT_VERSION = 4.0;
				TARGETED_DEVICE_FAMILY = "1,2";
				TEST_HOST = "$(BUILT_PRODUCTS_DIR)/SortVisualize.app/SortVisualize";
			};
			name = Release;
		};
		285CB6F320A0452D00C4FD5C /* Debug */ = {
			isa = XCBuildConfiguration;
			buildSettings = {
				ALWAYS_EMBED_SWIFT_STANDARD_LIBRARIES = YES;
				CODE_SIGN_STYLE = Automatic;
				INFOPLIST_FILE = SortVisualizeUITests/Info.plist;
				LD_RUNPATH_SEARCH_PATHS = (
					"$(inherited)",
					"@executable_path/Frameworks",
					"@loader_path/Frameworks",
				);
				PRODUCT_BUNDLE_IDENTIFIER = "-.1.1.SortVisualizeUITests";
				PRODUCT_NAME = "$(TARGET_NAME)";
				SWIFT_VERSION = 4.0;
				TARGETED_DEVICE_FAMILY = "1,2";
				TEST_TARGET_NAME = SortVisualize;
			};
			name = Debug;
		};
		285CB6F420A0452D00C4FD5C /* Release */ = {
			isa = XCBuildConfiguration;
			buildSettings = {
				ALWAYS_EMBED_SWIFT_STANDARD_LIBRARIES = YES;
				CODE_SIGN_STYLE = Automatic;
				INFOPLIST_FILE = SortVisualizeUITests/Info.plist;
				LD_RUNPATH_SEARCH_PATHS = (
					"$(inherited)",
					"@executable_path/Frameworks",
					"@loader_path/Frameworks",
				);
				PRODUCT_BUNDLE_IDENTIFIER = "-.1.1.SortVisualizeUITests";
				PRODUCT_NAME = "$(TARGET_NAME)";
				SWIFT_VERSION = 4.0;
				TARGETED_DEVICE_FAMILY = "1,2";
				TEST_TARGET_NAME = SortVisualize;
			};
			name = Release;
		};
/* End XCBuildConfiguration section */

/* Begin XCConfigurationList section */
		285CB6BF20A0452900C4FD5C /* Build configuration list for PBXProject "SortVisualize" */ = {
			isa = XCConfigurationList;
			buildConfigurations = (
				285CB6EA20A0452D00C4FD5C /* Debug */,
				285CB6EB20A0452D00C4FD5C /* Release */,
			);
			defaultConfigurationIsVisible = 0;
			defaultConfigurationName = Release;
		};
		285CB6EC20A0452D00C4FD5C /* Build configuration list for PBXNativeTarget "SortVisualize" */ = {
			isa = XCConfigurationList;
			buildConfigurations = (
				285CB6ED20A0452D00C4FD5C /* Debug */,
				285CB6EE20A0452D00C4FD5C /* Release */,
			);
			defaultConfigurationIsVisible = 0;
			defaultConfigurationName = Release;
		};
		285CB6EF20A0452D00C4FD5C /* Build configuration list for PBXNativeTarget "SortVisualizeTests" */ = {
			isa = XCConfigurationList;
			buildConfigurations = (
				285CB6F020A0452D00C4FD5C /* Debug */,
				285CB6F120A0452D00C4FD5C /* Release */,
			);
			defaultConfigurationIsVisible = 0;
			defaultConfigurationName = Release;
		};
		285CB6F220A0452D00C4FD5C /* Build configuration list for PBXNativeTarget "SortVisualizeUITests" */ = {
			isa = XCConfigurationList;
			buildConfigurations = (
				285CB6F320A0452D00C4FD5C /* Debug */,
				285CB6F420A0452D00C4FD5C /* Release */,
			);
			defaultConfigurationIsVisible = 0;
			defaultConfigurationName = Release;
		};
/* End XCConfigurationList section */
	};
	rootObject = 285CB6BC20A0452900C4FD5C /* Project object */;
}
